
Microsoft Visual Studio Solution File, Format Version 12.00
# Visual Studio Version 16
VisualStudioVersion = 16.0.31321.278
MinimumVisualStudioVersion = 10.0.40219.1
Project("{9A19103F-16F7-4668-BE54-9A1E7A4F7556}") = "Jwt_Authentication", "Jwt_Authentication.csproj", "{47E26CD2-E32C-442A-9D42-3F84C7CBF940}"
EndProject
Project("{FAE04EC0-301F-11D3-BF4B-00C04F79EFBC}") = "DALfile", "..\DALfile\DALfile.csproj", "{18B7EF5F-817D-4579-8087-D1EAB4B792DD}"
EndProject
Project("{FAE04EC0-301F-11D3-BF4B-00C04F79EFBC}") = "BALfile", "..\BALfile\BALfile.csproj", "{23102EDA-9060-4BDD-ACF8-E7A2E0F7C56B}"
EndProject
Project("{FAE04EC0-301F-11D3-BF4B-00C04F79EFBC}") = "MODELfile", "..\MODELfile\MODELfile.csproj", "{A8ECA9FE-039B-4AAD-B725-86B942005F84}"
EndProject
Global
	GlobalSection(SolutionConfigurationPlatforms) = preSolution
		Debug|Any CPU = Debug|Any CPU
		Release|Any CPU = Release|Any CPU
	EndGlobalSection
	GlobalSection(ProjectConfigurationPlatforms) = postSolution
		{47E26CD2-E32C-442A-9D42-3F84C7CBF940}.Debug|Any CPU.ActiveCfg = Debug|Any CPU
		{47E26CD2-E32C-442A-9D42-3F84C7CBF940}.Debug|Any CPU.Build.0 = Debug|Any CPU
		{47E26CD2-E32C-442A-9D42-3F84C7CBF940}.Release|Any CPU.ActiveCfg = Release|Any CPU
		{47E26CD2-E32C-442A-9D42-3F84C7CBF940}.Release|Any CPU.Build.0 = Release|Any CPU
		{18B7EF5F-817D-4579-8087-D1EAB4B792DD}.Debug|Any CPU.ActiveCfg = Debug|Any CPU
		{18B7EF5F-817D-4579-8087-D1EAB4B792DD}.Debug|Any CPU.Build.0 = Debug|Any CPU
		{18B7EF5F-817D-4579-8087-D1EAB4B792DD}.Release|Any CPU.ActiveCfg = Release|Any CPU
		{18B7EF5F-817D-4579-8087-D1EAB4B792DD}.Release|Any CPU.Build.0 = Release|Any CPU
		{23102EDA-9060-4BDD-ACF8-E7A2E0F7C56B}.Debug|Any CPU.ActiveCfg = Debug|Any CPU
		{23102EDA-9060-4BDD-ACF8-E7A2E0F7C56B}.Debug|Any CPU.Build.0 = Debug|Any CPU
		{23102EDA-9060-4BDD-ACF8-E7A2E0F7C56B}.Release|Any CPU.ActiveCfg = Release|Any CPU
		{23102EDA-9060-4BDD-ACF8-E7A2E0F7C56B}.Release|Any CPU.Build.0 = Release|Any CPU
		{A8ECA9FE-039B-4AAD-B725-86B942005F84}.Debug|Any CPU.ActiveCfg = Debug|Any CPU
		{A8ECA9FE-039B-4AAD-B725-86B942005F84}.Debug|Any CPU.Build.0 = Debug|Any CPU
		{A8ECA9FE-039B-4AAD-B725-86B942005F84}.Release|Any CPU.ActiveCfg = Release|Any CPU
		{A8ECA9FE-039B-4AAD-B725-86B942005F84}.Release|Any CPU.Build.0 = Release|Any CPU
	EndGlobalSection
	GlobalSection(SolutionProperties) = preSolution
		HideSolutionNode = FALSE
	EndGlobalSection
	GlobalSection(ExtensibilityGlobals) = postSolution
		SolutionGuid = {94AEA74B-E671-49E9-BE54-3835300B74F9}
	EndGlobalSection
EndGlobal
